<Solution>
  <Project Path="examples/ErrorMessages/ErrorMessages.fsproj" />
  <Project Path="examples/KeplerStation/KeplerStation.fsproj" />
  <Project Path="examples/OpticalContract/OpticalContract.fsproj" />
  <Project Path="src/FSharpOrDi/FSharpOrDi.fsproj" />
  <Project Path="test/FSharpOrDi.Test/FSharpOrDi.Test.fsproj" />
</Solution>
